# This file is autogenerated, do not edit; changes may be undone by the next 'dep ensure'.


[[projects]]
  name = "github.com/DHowett/go-plist"
  packages = ["."]
  revision = "2f847ea62b17703c861484a09f0e5841328a2cb9"

[[projects]]
  name = "github.com/beevik/etree"
  packages = ["."]
  revision = "15a30b44cfd6c5a16a7ddfe271bf146aaf2d3195"
  version = "v1.0.0"

[[projects]]
  name = "github.com/fatih/structs"
  packages = ["."]
  revision = "a720dfa8df582c51dee1b36feabb906bde1588bd"
  version = "v1.0"

[[projects]]
  branch = "master"
  name = "github.com/golang/snappy"
  packages = ["."]
  revision = "2e65f85255dbc3072edf28d6b5b8efc472979f5a"

[[projects]]
  name = "github.com/hashicorp/errwrap"
  packages = ["."]
  revision = "8a6fb523712970c966eefc6b39ed2c5e74880354"
  version = "v1.0.0"

[[projects]]
  name = "github.com/hashicorp/go-cleanhttp"
  packages = ["."]
  revision = "e8ab9daed8d1ddd2d3c4efba338fe2eeae2e4f18"
  version = "v0.5.0"

[[projects]]
  name = "github.com/hashicorp/go-multierror"
  packages = ["."]
  revision = "886a7fbe3eb1c874d46f623bfa70af45f425b3d1"
  version = "v1.0.0"

[[projects]]
  branch = "master"
  name = "github.com/hashicorp/go-rootcerts"
  packages = ["."]
  revision = "6bb64b370b90e7ef1fa532be9e591a81c3493e00"

[[projects]]
  name = "github.com/hashicorp/hcl"
  packages = [
    ".",
    "hcl/ast",
    "hcl/parser",
    "hcl/scanner",
    "hcl/strconv",
    "hcl/token",
    "json/parser",
    "json/scanner",
    "json/token"
  ]
  revision = "8cb6e5b959231cc1119e43259c4a608f9c51a241"
  version = "v1.0.0"

[[projects]]
  name = "github.com/hashicorp/vault"
  packages = [
    "api",
    "helper/compressutil",
    "helper/jsonutil",
    "helper/parseutil"
  ]
  revision = "c1d69f8d79b365fc5de4528abbca55ab7f04047a"

[[projects]]
  branch = "master"
  name = "github.com/keybase/go-keychain"
  packages = ["."]
  revision = "15d3657f24fc7e290714ab795239c5bb33b091ea"

[[projects]]
  name = "github.com/mattn/go-sqlite3"
  packages = ["."]
  revision = "6654e412c3c7eabb310d920cf73a2102dbf8c632"

[[projects]]
  name = "github.com/mitchellh/go-homedir"
  packages = ["."]
  revision = "ae18d6b8b3205b561c79e8e5f69bff09736185f4"
  version = "v1.0.0"

[[projects]]
  name = "github.com/mitchellh/mapstructure"
  packages = ["."]
  revision = "fa473d140ef3c6adf42d6b391fe76707f1f243c8"
  version = "v1.0.0"

[[projects]]
  branch = "master"
  name = "github.com/mvdan/sh"
  packages = ["syntax"]
  revision = "09fe3e0538c045b4601419241d6ca94eb67c74f0"

[[projects]]
  name = "github.com/sethgrid/pester"
  packages = ["."]
  revision = "03e26c9abbbf5accb8349790bf9f41bde09d72c3"
  version = "1.0.0"

[[projects]]
  name = "github.com/xeipuuv/gojsonpointer"
  packages = ["."]
  revision = "6fe8760cad3569743d51ddbb243b26f8456742dc"

[[projects]]
  name = "github.com/xeipuuv/gojsonreference"
  packages = ["."]
  revision = "e02fc20de94c78484cd5ffb007f8af96be030a45"

[[projects]]
  name = "github.com/xeipuuv/gojsonschema"
  packages = ["."]
  revision = "0c8571ac0ce161a5feb57375a9cdf148c98c0f70"

[[projects]]
  branch = "master"
  name = "golang.org/x/net"
  packages = [
    "context",
    "http/httpguts",
    "http2",
    "http2/hpack",
    "idna"
  ]
  revision = "26e67e76b6c3f6ce91f7c52def5af501b4e0f3a2"

[[projects]]
  name = "golang.org/x/text"
  packages = [
    "collate",
    "collate/build",
    "internal/colltab",
    "internal/gen",
    "internal/tag",
    "internal/triegen",
    "internal/ucd",
    "language",
    "secure/bidirule",
    "transform",
    "unicode/bidi",
    "unicode/cldr",
    "unicode/norm",
    "unicode/rangetable"
  ]
  revision = "f21a4dfb5e38f5895301dc265a8def02365cc3d0"
  version = "v0.3.0"

[solve-meta]
  analyzer-name = "dep"
  analyzer-version = 1
  inputs-digest = "a3dee5e5f443ac27e45fee097b03788c7761b9fb5b4afa04eab36091ff0678a0"
  solver-name = "gps-cdcl"
  solver-version = 1
